PODS:
  - Kingfisher (7.11.0)
  - NeedleFoundation (0.17.2)
  - R.swift (7.3.2)
  - SnapKit (5.0.1)

DEPENDENCIES:
  - Kingfisher
  - NeedleFoundation
  - R.swift
  - SnapKit (~> 5.0.0)

SPEC REPOS:
  trunk:
    - Kingfisher
    - NeedleFoundation
    - R.swift
    - SnapKit

SPEC CHECKSUMS:
  Kingfisher: b9c985d864d43515f404f1ef4a8ce7d802ace3ac
  NeedleFoundation: 36cfaea9ae9eb527a796f5c1df19296c722666b8
  R.swift: 0af0d882f49f03711415cb4e5215daa977d8a480
  SnapKit: 97b92857e3df3a0c71833cce143274bf6ef8e5eb

PODFILE CHECKSUM: b9d97d25f29ba8001c99c2c6dad4ae932df2fd11

COCOAPODS: 1.14.3
