PODS:
  - NeedleFoundation (0.17.2)
  - R.swift (7.3.2)
  - SnapKit (5.0.1)

DEPENDENCIES:
  - NeedleFoundation
  - R.swift
  - SnapKit (~> 5.0.0)

SPEC REPOS:
  trunk:
    - NeedleFoundation
    - R.swift
    - SnapKit

SPEC CHECKSUMS:
  NeedleFoundation: 36cfaea9ae9eb527a796f5c1df19296c722666b8
  R.swift: 0af0d882f49f03711415cb4e5215daa977d8a480
  SnapKit: 97b92857e3df3a0c71833cce143274bf6ef8e5eb

PODFILE CHECKSUM: 8f730fbf79d2e3672570375f1de76e15b939ed80

COCOAPODS: 1.14.3
