// !$*UTF8*$!
{
	archiveVersion = 1;
	classes = {
	};
	objectVersion = 56;
	objects = {

/* Begin PBXBuildFile section */
		7316859C2B80E65E002B9AEE /* AsyncImage.swift in Sources */ = {isa = PBXBuildFile; fileRef = 7316859B2B80E65E002B9AEE /* AsyncImage.swift */; };
		7316859F2B811198002B9AEE /* ImageCacheManager.swift in Sources */ = {isa = PBXBuildFile; fileRef = 7316859E2B811198002B9AEE /* ImageCacheManager.swift */; };
		7379DDBE2B81527E00456E29 /* LikeManager.swift in Sources */ = {isa = PBXBuildFile; fileRef = 7379DDBD2B81527E00456E29 /* LikeManager.swift */; };
		7379DDC22B81530600456E29 /* LikeImageObject.swift in Sources */ = {isa = PBXBuildFile; fileRef = 7379DDC12B81530600456E29 /* LikeImageObject.swift */; };
		73D2E9792B7D43620011FEBD /* MainComponent.swift in Sources */ = {isa = PBXBuildFile; fileRef = 73D2E9782B7D43620011FEBD /* MainComponent.swift */; };
		73D2E97C2B7D44A10011FEBD /* MainRouter.swift in Sources */ = {isa = PBXBuildFile; fileRef = 73D2E97B2B7D44A10011FEBD /* MainRouter.swift */; };
		73D2E97E2B7D44E30011FEBD /* DefaultMainRouter.swift in Sources */ = {isa = PBXBuildFile; fileRef = 73D2E97D2B7D44E30011FEBD /* DefaultMainRouter.swift */; };
		73D2E9822B7D45290011FEBD /* MainViewModel.swift in Sources */ = {isa = PBXBuildFile; fileRef = 73D2E9812B7D45290011FEBD /* MainViewModel.swift */; };
		73D2E9842B7D454C0011FEBD /* DefaultMainViewModel.swift in Sources */ = {isa = PBXBuildFile; fileRef = 73D2E9832B7D454C0011FEBD /* DefaultMainViewModel.swift */; };
		73D2E9872B7D461F0011FEBD /* BaseViewController.swift in Sources */ = {isa = PBXBuildFile; fileRef = 73D2E9862B7D461F0011FEBD /* BaseViewController.swift */; };
		73D2E98A2B7D46980011FEBD /* BaseView.swift in Sources */ = {isa = PBXBuildFile; fileRef = 73D2E9892B7D46980011FEBD /* BaseView.swift */; };
		73D2E98C2B7D48740011FEBD /* Colors.xcassets in Resources */ = {isa = PBXBuildFile; fileRef = 73D2E98B2B7D48740011FEBD /* Colors.xcassets */; };
		73D2E9912B7D50030011FEBD /* MainView.swift in Sources */ = {isa = PBXBuildFile; fileRef = 73D2E9902B7D50030011FEBD /* MainView.swift */; };
		73D2E9982B7D53220011FEBD /* AboutTheImageViewController.swift in Sources */ = {isa = PBXBuildFile; fileRef = 73D2E9972B7D53220011FEBD /* AboutTheImageViewController.swift */; };
		73D2E99A2B7D536B0011FEBD /* AboutTheImageView.swift in Sources */ = {isa = PBXBuildFile; fileRef = 73D2E9992B7D536B0011FEBD /* AboutTheImageView.swift */; };
		73D2E99C2B7D539E0011FEBD /* AboutTheImageViewModel.swift in Sources */ = {isa = PBXBuildFile; fileRef = 73D2E99B2B7D539E0011FEBD /* AboutTheImageViewModel.swift */; };
		73D2E99E2B7D53D70011FEBD /* AboutTheImageDefaultViewModel.swift in Sources */ = {isa = PBXBuildFile; fileRef = 73D2E99D2B7D53D70011FEBD /* AboutTheImageDefaultViewModel.swift */; };
		73D2E9A02B7D54170011FEBD /* AboutTheImageBuilder.swift in Sources */ = {isa = PBXBuildFile; fileRef = 73D2E99F2B7D54170011FEBD /* AboutTheImageBuilder.swift */; };
		73D2E9A32B7D5B740011FEBD /* Helpers.swift in Sources */ = {isa = PBXBuildFile; fileRef = 73D2E9A22B7D5B740011FEBD /* Helpers.swift */; };
		73D2E9C62B7E9BC60011FEBD /* CollectionOfImageAdapter.swift in Sources */ = {isa = PBXBuildFile; fileRef = 73D2E9C52B7E9BC60011FEBD /* CollectionOfImageAdapter.swift */; };
		73D2E9C92B7E9DCC0011FEBD /* ImageCell.swift in Sources */ = {isa = PBXBuildFile; fileRef = 73D2E9C82B7E9DCC0011FEBD /* ImageCell.swift */; };
		73D2E9CC2B7E9E720011FEBD /* UICollectionViewCell+.swift in Sources */ = {isa = PBXBuildFile; fileRef = 73D2E9CB2B7E9E720011FEBD /* UICollectionViewCell+.swift */; };
		73D2E9D02B7EA0BF0011FEBD /* Manrope-SemiBold.ttf in Resources */ = {isa = PBXBuildFile; fileRef = 73D2E9CE2B7EA0BF0011FEBD /* Manrope-SemiBold.ttf */; };
		73D2E9D12B7EA0BF0011FEBD /* Manrope-Regular.ttf in Resources */ = {isa = PBXBuildFile; fileRef = 73D2E9CF2B7EA0BF0011FEBD /* Manrope-Regular.ttf */; };
		73D555B22B7BFE8300EE8C2D /* AppDelegate.swift in Sources */ = {isa = PBXBuildFile; fileRef = 73D555B12B7BFE8300EE8C2D /* AppDelegate.swift */; };
		73D555B42B7BFE8300EE8C2D /* SceneDelegate.swift in Sources */ = {isa = PBXBuildFile; fileRef = 73D555B32B7BFE8300EE8C2D /* SceneDelegate.swift */; };
		73D555B62B7BFE8300EE8C2D /* MainViewController.swift in Sources */ = {isa = PBXBuildFile; fileRef = 73D555B52B7BFE8300EE8C2D /* MainViewController.swift */; };
		73D555BB2B7BFE8500EE8C2D /* Images.xcassets in Resources */ = {isa = PBXBuildFile; fileRef = 73D555BA2B7BFE8500EE8C2D /* Images.xcassets */; };
		73D555BE2B7BFE8500EE8C2D /* LaunchScreen.storyboard in Resources */ = {isa = PBXBuildFile; fileRef = 73D555BC2B7BFE8500EE8C2D /* LaunchScreen.storyboard */; };
		73D555C92B7BFE8500EE8C2D /* collectionOfImagesTests.swift in Sources */ = {isa = PBXBuildFile; fileRef = 73D555C82B7BFE8500EE8C2D /* collectionOfImagesTests.swift */; };
		73D555D32B7BFE8500EE8C2D /* collectionOfImagesUITests.swift in Sources */ = {isa = PBXBuildFile; fileRef = 73D555D22B7BFE8500EE8C2D /* collectionOfImagesUITests.swift */; };
		73D555D52B7BFE8500EE8C2D /* collectionOfImagesUITestsLaunchTests.swift in Sources */ = {isa = PBXBuildFile; fileRef = 73D555D42B7BFE8500EE8C2D /* collectionOfImagesUITestsLaunchTests.swift */; };
		73D555E72B7C112500EE8C2D /* R.generated.swift in Sources */ = {isa = PBXBuildFile; fileRef = 73D555E62B7C112500EE8C2D /* R.generated.swift */; };
		73D555ED2B7C1EFB00EE8C2D /* Needle.generated.swift in Sources */ = {isa = PBXBuildFile; fileRef = 73D555EC2B7C1EFB00EE8C2D /* Needle.generated.swift */; };
		73D555EF2B7C202E00EE8C2D /* RootComponent.swift in Sources */ = {isa = PBXBuildFile; fileRef = 73D555EE2B7C202E00EE8C2D /* RootComponent.swift */; };
/* End PBXBuildFile section */

/* Begin PBXContainerItemProxy section */
		73D555C52B7BFE8500EE8C2D /* PBXContainerItemProxy */ = {
			isa = PBXContainerItemProxy;
			containerPortal = 73D555A62B7BFE8300EE8C2D /* Project object */;
			proxyType = 1;
			remoteGlobalIDString = 73D555AD2B7BFE8300EE8C2D;
			remoteInfo = collectionOfImages;
		};
		73D555CF2B7BFE8500EE8C2D /* PBXContainerItemProxy */ = {
			isa = PBXContainerItemProxy;
			containerPortal = 73D555A62B7BFE8300EE8C2D /* Project object */;
			proxyType = 1;
			remoteGlobalIDString = 73D555AD2B7BFE8300EE8C2D;
			remoteInfo = collectionOfImages;
		};
/* End PBXContainerItemProxy section */

/* Begin PBXFileReference section */
		7316859B2B80E65E002B9AEE /* AsyncImage.swift */ = {isa = PBXFileReference; lastKnownFileType = sourcecode.swift; path = AsyncImage.swift; sourceTree = "<group>"; };
		7316859E2B811198002B9AEE /* ImageCacheManager.swift */ = {isa = PBXFileReference; lastKnownFileType = sourcecode.swift; path = ImageCacheManager.swift; sourceTree = "<group>"; };
		7379DDBD2B81527E00456E29 /* LikeManager.swift */ = {isa = PBXFileReference; lastKnownFileType = sourcecode.swift; path = LikeManager.swift; sourceTree = "<group>"; };
		7379DDC12B81530600456E29 /* LikeImageObject.swift */ = {isa = PBXFileReference; lastKnownFileType = sourcecode.swift; path = LikeImageObject.swift; sourceTree = "<group>"; };
		73D2E9782B7D43620011FEBD /* MainComponent.swift */ = {isa = PBXFileReference; lastKnownFileType = sourcecode.swift; path = MainComponent.swift; sourceTree = "<group>"; };
		73D2E97B2B7D44A10011FEBD /* MainRouter.swift */ = {isa = PBXFileReference; lastKnownFileType = sourcecode.swift; path = MainRouter.swift; sourceTree = "<group>"; };
		73D2E97D2B7D44E30011FEBD /* DefaultMainRouter.swift */ = {isa = PBXFileReference; lastKnownFileType = sourcecode.swift; path = DefaultMainRouter.swift; sourceTree = "<group>"; };
		73D2E9812B7D45290011FEBD /* MainViewModel.swift */ = {isa = PBXFileReference; lastKnownFileType = sourcecode.swift; path = MainViewModel.swift; sourceTree = "<group>"; };
		73D2E9832B7D454C0011FEBD /* DefaultMainViewModel.swift */ = {isa = PBXFileReference; lastKnownFileType = sourcecode.swift; path = DefaultMainViewModel.swift; sourceTree = "<group>"; };
		73D2E9862B7D461F0011FEBD /* BaseViewController.swift */ = {isa = PBXFileReference; lastKnownFileType = sourcecode.swift; path = BaseViewController.swift; sourceTree = "<group>"; };
		73D2E9892B7D46980011FEBD /* BaseView.swift */ = {isa = PBXFileReference; lastKnownFileType = sourcecode.swift; path = BaseView.swift; sourceTree = "<group>"; };
		73D2E98B2B7D48740011FEBD /* Colors.xcassets */ = {isa = PBXFileReference; lastKnownFileType = folder.assetcatalog; path = Colors.xcassets; sourceTree = "<group>"; };
		73D2E9902B7D50030011FEBD /* MainView.swift */ = {isa = PBXFileReference; lastKnownFileType = sourcecode.swift; path = MainView.swift; sourceTree = "<group>"; };
		73D2E9972B7D53220011FEBD /* AboutTheImageViewController.swift */ = {isa = PBXFileReference; lastKnownFileType = sourcecode.swift; path = AboutTheImageViewController.swift; sourceTree = "<group>"; };
		73D2E9992B7D536B0011FEBD /* AboutTheImageView.swift */ = {isa = PBXFileReference; lastKnownFileType = sourcecode.swift; path = AboutTheImageView.swift; sourceTree = "<group>"; };
		73D2E99B2B7D539E0011FEBD /* AboutTheImageViewModel.swift */ = {isa = PBXFileReference; lastKnownFileType = sourcecode.swift; path = AboutTheImageViewModel.swift; sourceTree = "<group>"; };
		73D2E99D2B7D53D70011FEBD /* AboutTheImageDefaultViewModel.swift */ = {isa = PBXFileReference; lastKnownFileType = sourcecode.swift; path = AboutTheImageDefaultViewModel.swift; sourceTree = "<group>"; };
		73D2E99F2B7D54170011FEBD /* AboutTheImageBuilder.swift */ = {isa = PBXFileReference; lastKnownFileType = sourcecode.swift; path = AboutTheImageBuilder.swift; sourceTree = "<group>"; };
		73D2E9A22B7D5B740011FEBD /* Helpers.swift */ = {isa = PBXFileReference; lastKnownFileType = sourcecode.swift; path = Helpers.swift; sourceTree = "<group>"; };
		73D2E9C52B7E9BC60011FEBD /* CollectionOfImageAdapter.swift */ = {isa = PBXFileReference; lastKnownFileType = sourcecode.swift; path = CollectionOfImageAdapter.swift; sourceTree = "<group>"; };
		73D2E9C82B7E9DCC0011FEBD /* ImageCell.swift */ = {isa = PBXFileReference; lastKnownFileType = sourcecode.swift; path = ImageCell.swift; sourceTree = "<group>"; };
		73D2E9CB2B7E9E720011FEBD /* UICollectionViewCell+.swift */ = {isa = PBXFileReference; lastKnownFileType = sourcecode.swift; path = "UICollectionViewCell+.swift"; sourceTree = "<group>"; };
		73D2E9CE2B7EA0BF0011FEBD /* Manrope-SemiBold.ttf */ = {isa = PBXFileReference; lastKnownFileType = file; path = "Manrope-SemiBold.ttf"; sourceTree = "<group>"; };
		73D2E9CF2B7EA0BF0011FEBD /* Manrope-Regular.ttf */ = {isa = PBXFileReference; lastKnownFileType = file; path = "Manrope-Regular.ttf"; sourceTree = "<group>"; };
		73D555AE2B7BFE8300EE8C2D /* collectionOfImages.app */ = {isa = PBXFileReference; explicitFileType = wrapper.application; includeInIndex = 0; path = collectionOfImages.app; sourceTree = BUILT_PRODUCTS_DIR; };
		73D555B12B7BFE8300EE8C2D /* AppDelegate.swift */ = {isa = PBXFileReference; lastKnownFileType = sourcecode.swift; path = AppDelegate.swift; sourceTree = "<group>"; };
		73D555B32B7BFE8300EE8C2D /* SceneDelegate.swift */ = {isa = PBXFileReference; lastKnownFileType = sourcecode.swift; path = SceneDelegate.swift; sourceTree = "<group>"; };
		73D555B52B7BFE8300EE8C2D /* MainViewController.swift */ = {isa = PBXFileReference; lastKnownFileType = sourcecode.swift; path = MainViewController.swift; sourceTree = "<group>"; };
		73D555BA2B7BFE8500EE8C2D /* Images.xcassets */ = {isa = PBXFileReference; lastKnownFileType = folder.assetcatalog; path = Images.xcassets; sourceTree = "<group>"; };
		73D555BD2B7BFE8500EE8C2D /* Base */ = {isa = PBXFileReference; lastKnownFileType = file.storyboard; name = Base; path = Base.lproj/LaunchScreen.storyboard; sourceTree = "<group>"; };
		73D555BF2B7BFE8500EE8C2D /* Info.plist */ = {isa = PBXFileReference; lastKnownFileType = text.plist.xml; path = Info.plist; sourceTree = "<group>"; };
		73D555C42B7BFE8500EE8C2D /* collectionOfImagesTests.xctest */ = {isa = PBXFileReference; explicitFileType = wrapper.cfbundle; includeInIndex = 0; path = collectionOfImagesTests.xctest; sourceTree = BUILT_PRODUCTS_DIR; };
		73D555C82B7BFE8500EE8C2D /* collectionOfImagesTests.swift */ = {isa = PBXFileReference; lastKnownFileType = sourcecode.swift; path = collectionOfImagesTests.swift; sourceTree = "<group>"; };
		73D555CE2B7BFE8500EE8C2D /* collectionOfImagesUITests.xctest */ = {isa = PBXFileReference; explicitFileType = wrapper.cfbundle; includeInIndex = 0; path = collectionOfImagesUITests.xctest; sourceTree = BUILT_PRODUCTS_DIR; };
		73D555D22B7BFE8500EE8C2D /* collectionOfImagesUITests.swift */ = {isa = PBXFileReference; lastKnownFileType = sourcecode.swift; path = collectionOfImagesUITests.swift; sourceTree = "<group>"; };
		73D555D42B7BFE8500EE8C2D /* collectionOfImagesUITestsLaunchTests.swift */ = {isa = PBXFileReference; lastKnownFileType = sourcecode.swift; path = collectionOfImagesUITestsLaunchTests.swift; sourceTree = "<group>"; };
		73D555E62B7C112500EE8C2D /* R.generated.swift */ = {isa = PBXFileReference; fileEncoding = 4; lastKnownFileType = sourcecode.swift; path = R.generated.swift; sourceTree = "<group>"; };
		73D555EC2B7C1EFB00EE8C2D /* Needle.generated.swift */ = {isa = PBXFileReference; fileEncoding = 4; lastKnownFileType = sourcecode.swift; path = Needle.generated.swift; sourceTree = "<group>"; };
		73D555EE2B7C202E00EE8C2D /* RootComponent.swift */ = {isa = PBXFileReference; lastKnownFileType = sourcecode.swift; path = RootComponent.swift; sourceTree = "<group>"; };
/* End PBXFileReference section */

/* Begin PBXFrameworksBuildPhase section */
		73D555AB2B7BFE8300EE8C2D /* Frameworks */ = {
			isa = PBXFrameworksBuildPhase;
			buildActionMask = 2147483647;
			files = (
			);
			runOnlyForDeploymentPostprocessing = 0;
		};
		73D555C12B7BFE8500EE8C2D /* Frameworks */ = {
			isa = PBXFrameworksBuildPhase;
			buildActionMask = 2147483647;
			files = (
			);
			runOnlyForDeploymentPostprocessing = 0;
		};
		73D555CB2B7BFE8500EE8C2D /* Frameworks */ = {
			isa = PBXFrameworksBuildPhase;
			buildActionMask = 2147483647;
			files = (
			);
			runOnlyForDeploymentPostprocessing = 0;
		};
/* End PBXFrameworksBuildPhase section */

/* Begin PBXGroup section */
			isa = PBXGroup;
			children = (
			);
		7316859D2B811189002B9AEE /* Managers */ = {
			isa = PBXGroup;
			children = (
				7379DDBF2B8152DC00456E29 /* LikeManager */,
				7316859E2B811198002B9AEE /* ImageCacheManager.swift */,
			);
			path = Managers;
			sourceTree = "<group>";
		};
		7379DDBF2B8152DC00456E29 /* LikeManager */ = {
			isa = PBXGroup;
			children = (
				7379DDC02B8152E700456E29 /* DataBase */,
				7379DDBD2B81527E00456E29 /* LikeManager.swift */,
			);
			path = LikeManager;
			sourceTree = "<group>";
		};
		7379DDC02B8152E700456E29 /* DataBase */ = {
			isa = PBXGroup;
			children = (
				7379DDC12B81530600456E29 /* LikeImageObject.swift */,
			);
			path = DataBase;
			sourceTree = "<group>";
		};
		73D2E97A2B7D448E0011FEBD /* Router */ = {
			isa = PBXGroup;
			children = (
				73D2E97B2B7D44A10011FEBD /* MainRouter.swift */,
				73D2E97D2B7D44E30011FEBD /* DefaultMainRouter.swift */,
			);
			path = Router;
			sourceTree = "<group>";
		};
		73D2E9802B7D45120011FEBD /* ViewModel */ = {
			isa = PBXGroup;
			children = (
				73D2E9812B7D45290011FEBD /* MainViewModel.swift */,
				73D2E9832B7D454C0011FEBD /* DefaultMainViewModel.swift */,
			);
			path = ViewModel;
			sourceTree = "<group>";
		};
		73D2E9852B7D45F40011FEBD /* Controllers */ = {
			isa = PBXGroup;
			children = (
				73D2E9862B7D461F0011FEBD /* BaseViewController.swift */,
			);
			path = Controllers;
			sourceTree = "<group>";
		};
		73D2E9882B7D468A0011FEBD /* View */ = {
			isa = PBXGroup;
			children = (
				7316859B2B80E65E002B9AEE /* AsyncImage.swift */,
				73D2E9892B7D46980011FEBD /* BaseView.swift */,
			);
			path = View;
			sourceTree = "<group>";
		};
		73D2E9922B7D52030011FEBD /* Screens */ = {
			isa = PBXGroup;
			children = (
				73D2E9962B7D52520011FEBD /* AboutTheImage */,
			);
			path = Screens;
			sourceTree = "<group>";
		};
		73D2E9932B7D520E0011FEBD /* View */ = {
			isa = PBXGroup;
			children = (
				73D2E9972B7D53220011FEBD /* AboutTheImageViewController.swift */,
				73D2E9992B7D536B0011FEBD /* AboutTheImageView.swift */,
			);
			path = View;
			sourceTree = "<group>";
		};
		73D2E9942B7D522B0011FEBD /* ViewModel */ = {
			isa = PBXGroup;
			children = (
				73D2E99B2B7D539E0011FEBD /* AboutTheImageViewModel.swift */,
				73D2E99D2B7D53D70011FEBD /* AboutTheImageDefaultViewModel.swift */,
			);
			path = ViewModel;
			sourceTree = "<group>";
		};
		73D2E9952B7D523F0011FEBD /* Assembly */ = {
			isa = PBXGroup;
			children = (
				73D2E99F2B7D54170011FEBD /* AboutTheImageBuilder.swift */,
			);
			path = Assembly;
			sourceTree = "<group>";
		};
		73D2E9962B7D52520011FEBD /* AboutTheImage */ = {
			isa = PBXGroup;
			children = (
				73D2E9952B7D523F0011FEBD /* Assembly */,
				73D2E9942B7D522B0011FEBD /* ViewModel */,
				73D2E9932B7D520E0011FEBD /* View */,
			);
			path = AboutTheImage;
			sourceTree = "<group>";
		};
		73D2E9A12B7D5B510011FEBD /* Helpers */ = {
			isa = PBXGroup;
			children = (
				73D2E9A22B7D5B740011FEBD /* Helpers.swift */,
			);
			path = Helpers;
			sourceTree = "<group>";
		};
		73D2E9C42B7E9BB10011FEBD /* Adapters */ = {
			isa = PBXGroup;
			children = (
				73D2E9C52B7E9BC60011FEBD /* CollectionOfImageAdapter.swift */,
			);
			path = Adapters;
			sourceTree = "<group>";
		};
		73D2E9C72B7E9DA50011FEBD /* Components */ = {
			isa = PBXGroup;
			children = (
				73D2E9C82B7E9DCC0011FEBD /* ImageCell.swift */,
			);
			path = Components;
			sourceTree = "<group>";
		};
		73D2E9CA2B7E9E550011FEBD /* Extensions */ = {
			isa = PBXGroup;
			children = (
				73D2E9CB2B7E9E720011FEBD /* UICollectionViewCell+.swift */,
			);
			path = Extensions;
			sourceTree = "<group>";
		};
		73D2E9CD2B7EA03C0011FEBD /* Font */ = {
			isa = PBXGroup;
			children = (
				73D2E9CF2B7EA0BF0011FEBD /* Manrope-Regular.ttf */,
				73D2E9CE2B7EA0BF0011FEBD /* Manrope-SemiBold.ttf */,
			);
			path = Font;
			sourceTree = "<group>";
		};
		73D555A52B7BFE8300EE8C2D = {
			isa = PBXGroup;
			children = (
				73D555B02B7BFE8300EE8C2D /* collectionOfImages */,
				73D555C72B7BFE8500EE8C2D /* collectionOfImagesTests */,
				73D555D12B7BFE8500EE8C2D /* collectionOfImagesUITests */,
				73D555AF2B7BFE8300EE8C2D /* Products */,
				04807374432B79BA44586B99 /* Pods */,
			);
			sourceTree = "<group>";
		};
		73D555AF2B7BFE8300EE8C2D /* Products */ = {
			isa = PBXGroup;
			children = (
				73D555AE2B7BFE8300EE8C2D /* collectionOfImages.app */,
				73D555C42B7BFE8500EE8C2D /* collectionOfImagesTests.xctest */,
				73D555CE2B7BFE8500EE8C2D /* collectionOfImagesUITests.xctest */,
			);
			name = Products;
			sourceTree = "<group>";
		};
		73D555B02B7BFE8300EE8C2D /* collectionOfImages */ = {
			isa = PBXGroup;
			children = (
				73D555F02B7C229F00EE8C2D /* Main */,
				73D555E12B7C001900EE8C2D /* Application */,
				73D555E42B7C104100EE8C2D /* Common */,
				73D555E22B7C007100EE8C2D /* Resources */,
			);
			path = collectionOfImages;
			sourceTree = "<group>";
		};
		73D555C72B7BFE8500EE8C2D /* collectionOfImagesTests */ = {
			isa = PBXGroup;
			children = (
				73D555C82B7BFE8500EE8C2D /* collectionOfImagesTests.swift */,
			);
			path = collectionOfImagesTests;
			sourceTree = "<group>";
		};
		73D555D12B7BFE8500EE8C2D /* collectionOfImagesUITests */ = {
			isa = PBXGroup;
			children = (
				73D555D22B7BFE8500EE8C2D /* collectionOfImagesUITests.swift */,
				73D555D42B7BFE8500EE8C2D /* collectionOfImagesUITestsLaunchTests.swift */,
			);
			path = collectionOfImagesUITests;
			sourceTree = "<group>";
		};
		73D555E12B7C001900EE8C2D /* Application */ = {
			isa = PBXGroup;
			children = (
				73D555BF2B7BFE8500EE8C2D /* Info.plist */,
				73D555B12B7BFE8300EE8C2D /* AppDelegate.swift */,
				73D555B32B7BFE8300EE8C2D /* SceneDelegate.swift */,
				73D555EE2B7C202E00EE8C2D /* RootComponent.swift */,
			);
			path = Application;
			sourceTree = "<group>";
		};
		73D555E22B7C007100EE8C2D /* Resources */ = {
			isa = PBXGroup;
			children = (
				73D2E9CD2B7EA03C0011FEBD /* Font */,
				73D555BA2B7BFE8500EE8C2D /* Images.xcassets */,
				73D2E98B2B7D48740011FEBD /* Colors.xcassets */,
				73D555BC2B7BFE8500EE8C2D /* LaunchScreen.storyboard */,
			);
			path = Resources;
			sourceTree = "<group>";
		};
		73D555E42B7C104100EE8C2D /* Common */ = {
			isa = PBXGroup;
			children = (
				7316859D2B811189002B9AEE /* Managers */,
				73D2E9CA2B7E9E550011FEBD /* Extensions */,
				73D2E9A12B7D5B510011FEBD /* Helpers */,
				73D2E9882B7D468A0011FEBD /* View */,
				73D2E9852B7D45F40011FEBD /* Controllers */,
				73D555E52B7C107000EE8C2D /* Generated */,
			);
			path = Common;
			sourceTree = "<group>";
		};
		73D555E52B7C107000EE8C2D /* Generated */ = {
			isa = PBXGroup;
			children = (
				73D555E62B7C112500EE8C2D /* R.generated.swift */,
				73D555EC2B7C1EFB00EE8C2D /* Needle.generated.swift */,
			);
			path = Generated;
			sourceTree = "<group>";
		};
		73D555F02B7C229F00EE8C2D /* Main */ = {
			isa = PBXGroup;
			children = (
				73D2E9922B7D52030011FEBD /* Screens */,
				73D2E97A2B7D448E0011FEBD /* Router */,
				73D555F22B7C22B100EE8C2D /* Assembly */,
				73D2E9802B7D45120011FEBD /* ViewModel */,
				73D555F52B7C231000EE8C2D /* View */,
			);
			path = Main;
			sourceTree = "<group>";
		};
		73D555F22B7C22B100EE8C2D /* Assembly */ = {
			isa = PBXGroup;
			children = (
				73D2E9782B7D43620011FEBD /* MainComponent.swift */,
			);
			path = Assembly;
			sourceTree = "<group>";
		};
		73D555F52B7C231000EE8C2D /* View */ = {
			isa = PBXGroup;
			children = (
				73D555B52B7BFE8300EE8C2D /* MainViewController.swift */,
				73D2E9902B7D50030011FEBD /* MainView.swift */,
				73D2E9C72B7E9DA50011FEBD /* Components */,
				73D2E9C42B7E9BB10011FEBD /* Adapters */,
			);
			path = View;
			sourceTree = "<group>";
		};
/* End PBXGroup section */

/* Begin PBXNativeTarget section */
		73D555AD2B7BFE8300EE8C2D /* collectionOfImages */ = {
			isa = PBXNativeTarget;
			buildConfigurationList = 73D555D82B7BFE8500EE8C2D /* Build configuration list for PBXNativeTarget "collectionOfImages" */;
			buildPhases = (
				73D555AA2B7BFE8300EE8C2D /* Sources */,
				73D555AB2B7BFE8300EE8C2D /* Frameworks */,
				73D555AC2B7BFE8300EE8C2D /* Resources */,
			);
			buildRules = (
			);
			dependencies = (
			);
			name = collectionOfImages;
			productName = collectionOfImages;
			productReference = 73D555AE2B7BFE8300EE8C2D /* collectionOfImages.app */;
			productType = "com.apple.product-type.application";
		};
		73D555C32B7BFE8500EE8C2D /* collectionOfImagesTests */ = {
			isa = PBXNativeTarget;
			buildConfigurationList = 73D555DB2B7BFE8500EE8C2D /* Build configuration list for PBXNativeTarget "collectionOfImagesTests" */;
			buildPhases = (
				73D555C02B7BFE8500EE8C2D /* Sources */,
				73D555C12B7BFE8500EE8C2D /* Frameworks */,
				73D555C22B7BFE8500EE8C2D /* Resources */,
			);
			buildRules = (
			);
			dependencies = (
				73D555C62B7BFE8500EE8C2D /* PBXTargetDependency */,
			);
			name = collectionOfImagesTests;
			productName = collectionOfImagesTests;
			productReference = 73D555C42B7BFE8500EE8C2D /* collectionOfImagesTests.xctest */;
			productType = "com.apple.product-type.bundle.unit-test";
		};
		73D555CD2B7BFE8500EE8C2D /* collectionOfImagesUITests */ = {
			isa = PBXNativeTarget;
			buildConfigurationList = 73D555DE2B7BFE8500EE8C2D /* Build configuration list for PBXNativeTarget "collectionOfImagesUITests" */;
			buildPhases = (
				73D555CA2B7BFE8500EE8C2D /* Sources */,
				73D555CB2B7BFE8500EE8C2D /* Frameworks */,
				73D555CC2B7BFE8500EE8C2D /* Resources */,
			);
			buildRules = (
			);
			dependencies = (
				73D555D02B7BFE8500EE8C2D /* PBXTargetDependency */,
			);
			name = collectionOfImagesUITests;
			productName = collectionOfImagesUITests;
			productReference = 73D555CE2B7BFE8500EE8C2D /* collectionOfImagesUITests.xctest */;
			productType = "com.apple.product-type.bundle.ui-testing";
		};
/* End PBXNativeTarget section */

/* Begin PBXProject section */
		73D555A62B7BFE8300EE8C2D /* Project object */ = {
			isa = PBXProject;
			attributes = {
				BuildIndependentTargetsInParallel = 1;
				LastSwiftUpdateCheck = 1430;
				LastUpgradeCheck = 1430;
				TargetAttributes = {
					73D555AD2B7BFE8300EE8C2D = {
						CreatedOnToolsVersion = 14.3.1;
					};
					73D555C32B7BFE8500EE8C2D = {
						CreatedOnToolsVersion = 14.3.1;
						TestTargetID = 73D555AD2B7BFE8300EE8C2D;
					};
					73D555CD2B7BFE8500EE8C2D = {
						CreatedOnToolsVersion = 14.3.1;
						TestTargetID = 73D555AD2B7BFE8300EE8C2D;
					};
				};
			};
			buildConfigurationList = 73D555A92B7BFE8300EE8C2D /* Build configuration list for PBXProject "collectionOfImages" */;
			compatibilityVersion = "Xcode 14.0";
			developmentRegion = en;
			hasScannedForEncodings = 0;
			knownRegions = (
				en,
				Base,
			);
			mainGroup = 73D555A52B7BFE8300EE8C2D;
			productRefGroup = 73D555AF2B7BFE8300EE8C2D /* Products */;
			projectDirPath = "";
			projectRoot = "";
			targets = (
				73D555AD2B7BFE8300EE8C2D /* collectionOfImages */,
				73D555C32B7BFE8500EE8C2D /* collectionOfImagesTests */,
				73D555CD2B7BFE8500EE8C2D /* collectionOfImagesUITests */,
			);
		};
/* End PBXProject section */

/* Begin PBXResourcesBuildPhase section */
		73D555AC2B7BFE8300EE8C2D /* Resources */ = {
			isa = PBXResourcesBuildPhase;
			buildActionMask = 2147483647;
			files = (
				73D2E98C2B7D48740011FEBD /* Colors.xcassets in Resources */,
				73D2E9D12B7EA0BF0011FEBD /* Manrope-Regular.ttf in Resources */,
				73D555BE2B7BFE8500EE8C2D /* LaunchScreen.storyboard in Resources */,
				73D2E9D02B7EA0BF0011FEBD /* Manrope-SemiBold.ttf in Resources */,
				73D555BB2B7BFE8500EE8C2D /* Images.xcassets in Resources */,
			);
			runOnlyForDeploymentPostprocessing = 0;
		};
		73D555C22B7BFE8500EE8C2D /* Resources */ = {
			isa = PBXResourcesBuildPhase;
			buildActionMask = 2147483647;
			files = (
			);
			runOnlyForDeploymentPostprocessing = 0;
		};
		73D555CC2B7BFE8500EE8C2D /* Resources */ = {
			isa = PBXResourcesBuildPhase;
			buildActionMask = 2147483647;
			files = (
			);
			runOnlyForDeploymentPostprocessing = 0;
		};
/* End PBXResourcesBuildPhase section */

/* Begin PBXSourcesBuildPhase section */
		73D555AA2B7BFE8300EE8C2D /* Sources */ = {
			isa = PBXSourcesBuildPhase;
			buildActionMask = 2147483647;
			files = (
				73D2E9A02B7D54170011FEBD /* AboutTheImageBuilder.swift in Sources */,
				73D2E99E2B7D53D70011FEBD /* AboutTheImageDefaultViewModel.swift in Sources */,
				73D555B62B7BFE8300EE8C2D /* MainViewController.swift in Sources */,
				73D2E9A32B7D5B740011FEBD /* Helpers.swift in Sources */,
				7379DDBE2B81527E00456E29 /* LikeManager.swift in Sources */,
				73D2E9912B7D50030011FEBD /* MainView.swift in Sources */,
				73D2E98A2B7D46980011FEBD /* BaseView.swift in Sources */,
				73D2E9982B7D53220011FEBD /* AboutTheImageViewController.swift in Sources */,
				73D2E97C2B7D44A10011FEBD /* MainRouter.swift in Sources */,
				73D555EF2B7C202E00EE8C2D /* RootComponent.swift in Sources */,
				73D555B22B7BFE8300EE8C2D /* AppDelegate.swift in Sources */,
				73D2E9842B7D454C0011FEBD /* DefaultMainViewModel.swift in Sources */,
				73D555B42B7BFE8300EE8C2D /* SceneDelegate.swift in Sources */,
				73D2E9822B7D45290011FEBD /* MainViewModel.swift in Sources */,
				73D2E9C92B7E9DCC0011FEBD /* ImageCell.swift in Sources */,
				73D2E9CC2B7E9E720011FEBD /* UICollectionViewCell+.swift in Sources */,
				73D2E97E2B7D44E30011FEBD /* DefaultMainRouter.swift in Sources */,
				73D555E72B7C112500EE8C2D /* R.generated.swift in Sources */,
				7379DDC22B81530600456E29 /* LikeImageObject.swift in Sources */,
				73D2E99A2B7D536B0011FEBD /* AboutTheImageView.swift in Sources */,
				73D2E99C2B7D539E0011FEBD /* AboutTheImageViewModel.swift in Sources */,
				73D2E9872B7D461F0011FEBD /* BaseViewController.swift in Sources */,
				7316859F2B811198002B9AEE /* ImageCacheManager.swift in Sources */,
				73D555ED2B7C1EFB00EE8C2D /* Needle.generated.swift in Sources */,
				73D2E9C62B7E9BC60011FEBD /* CollectionOfImageAdapter.swift in Sources */,
				7316859C2B80E65E002B9AEE /* AsyncImage.swift in Sources */,
				73D2E9792B7D43620011FEBD /* MainComponent.swift in Sources */,
			);
			runOnlyForDeploymentPostprocessing = 0;
		};
		73D555C02B7BFE8500EE8C2D /* Sources */ = {
			isa = PBXSourcesBuildPhase;
			buildActionMask = 2147483647;
			files = (
				73D555C92B7BFE8500EE8C2D /* collectionOfImagesTests.swift in Sources */,
			);
			runOnlyForDeploymentPostprocessing = 0;
		};
		73D555CA2B7BFE8500EE8C2D /* Sources */ = {
			isa = PBXSourcesBuildPhase;
			buildActionMask = 2147483647;
			files = (
				73D555D32B7BFE8500EE8C2D /* collectionOfImagesUITests.swift in Sources */,
				73D555D52B7BFE8500EE8C2D /* collectionOfImagesUITestsLaunchTests.swift in Sources */,
			);
			runOnlyForDeploymentPostprocessing = 0;
		};
/* End PBXSourcesBuildPhase section */

/* Begin PBXTargetDependency section */
		73D555C62B7BFE8500EE8C2D /* PBXTargetDependency */ = {
			isa = PBXTargetDependency;
			target = 73D555AD2B7BFE8300EE8C2D /* collectionOfImages */;
			targetProxy = 73D555C52B7BFE8500EE8C2D /* PBXContainerItemProxy */;
		};
		73D555D02B7BFE8500EE8C2D /* PBXTargetDependency */ = {
			isa = PBXTargetDependency;
			target = 73D555AD2B7BFE8300EE8C2D /* collectionOfImages */;
			targetProxy = 73D555CF2B7BFE8500EE8C2D /* PBXContainerItemProxy */;
		};
/* End PBXTargetDependency section */

/* Begin PBXVariantGroup section */
		73D555BC2B7BFE8500EE8C2D /* LaunchScreen.storyboard */ = {
			isa = PBXVariantGroup;
			children = (
				73D555BD2B7BFE8500EE8C2D /* Base */,
			);
			name = LaunchScreen.storyboard;
			sourceTree = "<group>";
		};
/* End PBXVariantGroup section */

/* Begin XCBuildConfiguration section */
		73D555D62B7BFE8500EE8C2D /* Debug */ = {
			isa = XCBuildConfiguration;
			buildSettings = {
				ALWAYS_SEARCH_USER_PATHS = NO;
				CLANG_ANALYZER_NONNULL = YES;
				CLANG_ANALYZER_NUMBER_OBJECT_CONVERSION = YES_AGGRESSIVE;
				CLANG_CXX_LANGUAGE_STANDARD = "gnu++20";
				CLANG_ENABLE_MODULES = YES;
				CLANG_ENABLE_OBJC_ARC = YES;
				CLANG_ENABLE_OBJC_WEAK = YES;
				CLANG_WARN_BLOCK_CAPTURE_AUTORELEASING = YES;
				CLANG_WARN_BOOL_CONVERSION = YES;
				CLANG_WARN_COMMA = YES;
				CLANG_WARN_CONSTANT_CONVERSION = YES;
				CLANG_WARN_DEPRECATED_OBJC_IMPLEMENTATIONS = YES;
				CLANG_WARN_DIRECT_OBJC_ISA_USAGE = YES_ERROR;
				CLANG_WARN_DOCUMENTATION_COMMENTS = YES;
				CLANG_WARN_EMPTY_BODY = YES;
				CLANG_WARN_ENUM_CONVERSION = YES;
				CLANG_WARN_INFINITE_RECURSION = YES;
				CLANG_WARN_INT_CONVERSION = YES;
				CLANG_WARN_NON_LITERAL_NULL_CONVERSION = YES;
				CLANG_WARN_OBJC_IMPLICIT_RETAIN_SELF = YES;
				CLANG_WARN_OBJC_LITERAL_CONVERSION = YES;
				CLANG_WARN_OBJC_ROOT_CLASS = YES_ERROR;
				CLANG_WARN_QUOTED_INCLUDE_IN_FRAMEWORK_HEADER = YES;
				CLANG_WARN_RANGE_LOOP_ANALYSIS = YES;
				CLANG_WARN_STRICT_PROTOTYPES = YES;
				CLANG_WARN_SUSPICIOUS_MOVE = YES;
				CLANG_WARN_UNGUARDED_AVAILABILITY = YES_AGGRESSIVE;
				CLANG_WARN_UNREACHABLE_CODE = YES;
				CLANG_WARN__DUPLICATE_METHOD_MATCH = YES;
				COPY_PHASE_STRIP = NO;
				DEBUG_INFORMATION_FORMAT = dwarf;
				ENABLE_STRICT_OBJC_MSGSEND = YES;
				ENABLE_TESTABILITY = YES;
				GCC_C_LANGUAGE_STANDARD = gnu11;
				GCC_DYNAMIC_NO_PIC = NO;
				GCC_NO_COMMON_BLOCKS = YES;
				GCC_OPTIMIZATION_LEVEL = 0;
				GCC_PREPROCESSOR_DEFINITIONS = (
					"DEBUG=1",
					"$(inherited)",
				);
				GCC_WARN_64_TO_32_BIT_CONVERSION = YES;
				GCC_WARN_ABOUT_RETURN_TYPE = YES_ERROR;
				GCC_WARN_UNDECLARED_SELECTOR = YES;
				GCC_WARN_UNINITIALIZED_AUTOS = YES_AGGRESSIVE;
				GCC_WARN_UNUSED_FUNCTION = YES;
				GCC_WARN_UNUSED_VARIABLE = YES;
				IPHONEOS_DEPLOYMENT_TARGET = 16.4;
				MTL_ENABLE_DEBUG_INFO = INCLUDE_SOURCE;
				MTL_FAST_MATH = YES;
				ONLY_ACTIVE_ARCH = YES;
				SDKROOT = iphoneos;
				SWIFT_ACTIVE_COMPILATION_CONDITIONS = DEBUG;
				SWIFT_OPTIMIZATION_LEVEL = "-Onone";
			};
			name = Debug;
		};
		73D555D72B7BFE8500EE8C2D /* Release */ = {
			isa = XCBuildConfiguration;
			buildSettings = {
				ALWAYS_SEARCH_USER_PATHS = NO;
				CLANG_ANALYZER_NONNULL = YES;
				CLANG_ANALYZER_NUMBER_OBJECT_CONVERSION = YES_AGGRESSIVE;
				CLANG_CXX_LANGUAGE_STANDARD = "gnu++20";
				CLANG_ENABLE_MODULES = YES;
				CLANG_ENABLE_OBJC_ARC = YES;
				CLANG_ENABLE_OBJC_WEAK = YES;
				CLANG_WARN_BLOCK_CAPTURE_AUTORELEASING = YES;
				CLANG_WARN_BOOL_CONVERSION = YES;
				CLANG_WARN_COMMA = YES;
				CLANG_WARN_CONSTANT_CONVERSION = YES;
				CLANG_WARN_DEPRECATED_OBJC_IMPLEMENTATIONS = YES;
				CLANG_WARN_DIRECT_OBJC_ISA_USAGE = YES_ERROR;
				CLANG_WARN_DOCUMENTATION_COMMENTS = YES;
				CLANG_WARN_EMPTY_BODY = YES;
				CLANG_WARN_ENUM_CONVERSION = YES;
				CLANG_WARN_INFINITE_RECURSION = YES;
				CLANG_WARN_INT_CONVERSION = YES;
				CLANG_WARN_NON_LITERAL_NULL_CONVERSION = YES;
				CLANG_WARN_OBJC_IMPLICIT_RETAIN_SELF = YES;
				CLANG_WARN_OBJC_LITERAL_CONVERSION = YES;
				CLANG_WARN_OBJC_ROOT_CLASS = YES_ERROR;
				CLANG_WARN_QUOTED_INCLUDE_IN_FRAMEWORK_HEADER = YES;
				CLANG_WARN_RANGE_LOOP_ANALYSIS = YES;
				CLANG_WARN_STRICT_PROTOTYPES = YES;
				CLANG_WARN_SUSPICIOUS_MOVE = YES;
				CLANG_WARN_UNGUARDED_AVAILABILITY = YES_AGGRESSIVE;
				CLANG_WARN_UNREACHABLE_CODE = YES;
				CLANG_WARN__DUPLICATE_METHOD_MATCH = YES;
				COPY_PHASE_STRIP = NO;
				DEBUG_INFORMATION_FORMAT = "dwarf-with-dsym";
				ENABLE_NS_ASSERTIONS = NO;
				ENABLE_STRICT_OBJC_MSGSEND = YES;
				GCC_C_LANGUAGE_STANDARD = gnu11;
				GCC_NO_COMMON_BLOCKS = YES;
				GCC_WARN_64_TO_32_BIT_CONVERSION = YES;
				GCC_WARN_ABOUT_RETURN_TYPE = YES_ERROR;
				GCC_WARN_UNDECLARED_SELECTOR = YES;
				GCC_WARN_UNINITIALIZED_AUTOS = YES_AGGRESSIVE;
				GCC_WARN_UNUSED_FUNCTION = YES;
				GCC_WARN_UNUSED_VARIABLE = YES;
				IPHONEOS_DEPLOYMENT_TARGET = 16.4;
				MTL_ENABLE_DEBUG_INFO = NO;
				MTL_FAST_MATH = YES;
				SDKROOT = iphoneos;
				SWIFT_COMPILATION_MODE = wholemodule;
				SWIFT_OPTIMIZATION_LEVEL = "-O";
				VALIDATE_PRODUCT = YES;
			};
			name = Release;
		};
		73D555D92B7BFE8500EE8C2D /* Debug */ = {
			isa = XCBuildConfiguration;
			buildSettings = {
				ASSETCATALOG_COMPILER_APPICON_NAME = AppIcon;
				ASSETCATALOG_COMPILER_GLOBAL_ACCENT_COLOR_NAME = AccentColor;
				CODE_SIGN_STYLE = Automatic;
				CURRENT_PROJECT_VERSION = 1;
				DEVELOPMENT_TEAM = 5J9A9UHCB9;
				GENERATE_INFOPLIST_FILE = YES;
				INFOPLIST_FILE = collectionOfImages/Application/Info.plist;
				INFOPLIST_KEY_UIApplicationSupportsIndirectInputEvents = YES;
				INFOPLIST_KEY_UILaunchStoryboardName = LaunchScreen;
				INFOPLIST_KEY_UISupportedInterfaceOrientations_iPad = "UIInterfaceOrientationPortrait UIInterfaceOrientationPortraitUpsideDown UIInterfaceOrientationLandscapeLeft UIInterfaceOrientationLandscapeRight";
				INFOPLIST_KEY_UISupportedInterfaceOrientations_iPhone = "UIInterfaceOrientationPortrait UIInterfaceOrientationLandscapeLeft UIInterfaceOrientationLandscapeRight";
				IPHONEOS_DEPLOYMENT_TARGET = 15.0;
				LD_RUNPATH_SEARCH_PATHS = (
					"$(inherited)",
					"@executable_path/Frameworks",
				);
				MARKETING_VERSION = 1.0;
				PRODUCT_BUNDLE_IDENTIFIER = com.victorkostinvl.collectionOfImages;
				PRODUCT_NAME = "$(TARGET_NAME)";
				SWIFT_EMIT_LOC_STRINGS = YES;
				SWIFT_VERSION = 5.0;
				TARGETED_DEVICE_FAMILY = "1,2";
			};
			name = Debug;
		};
		73D555DA2B7BFE8500EE8C2D /* Release */ = {
			isa = XCBuildConfiguration;
			buildSettings = {
				ASSETCATALOG_COMPILER_APPICON_NAME = AppIcon;
				ASSETCATALOG_COMPILER_GLOBAL_ACCENT_COLOR_NAME = AccentColor;
				CODE_SIGN_STYLE = Automatic;
				CURRENT_PROJECT_VERSION = 1;
				DEVELOPMENT_TEAM = 5J9A9UHCB9;
				GENERATE_INFOPLIST_FILE = YES;
				INFOPLIST_FILE = collectionOfImages/Application/Info.plist;
				INFOPLIST_KEY_UIApplicationSupportsIndirectInputEvents = YES;
				INFOPLIST_KEY_UILaunchStoryboardName = LaunchScreen;
				INFOPLIST_KEY_UISupportedInterfaceOrientations_iPad = "UIInterfaceOrientationPortrait UIInterfaceOrientationPortraitUpsideDown UIInterfaceOrientationLandscapeLeft UIInterfaceOrientationLandscapeRight";
				INFOPLIST_KEY_UISupportedInterfaceOrientations_iPhone = "UIInterfaceOrientationPortrait UIInterfaceOrientationLandscapeLeft UIInterfaceOrientationLandscapeRight";
				IPHONEOS_DEPLOYMENT_TARGET = 15.0;
				LD_RUNPATH_SEARCH_PATHS = (
					"$(inherited)",
					"@executable_path/Frameworks",
				);
				MARKETING_VERSION = 1.0;
				PRODUCT_BUNDLE_IDENTIFIER = com.victorkostinvl.collectionOfImages;
				PRODUCT_NAME = "$(TARGET_NAME)";
				SWIFT_EMIT_LOC_STRINGS = YES;
				SWIFT_VERSION = 5.0;
				TARGETED_DEVICE_FAMILY = "1,2";
			};
			name = Release;
		};
		73D555DC2B7BFE8500EE8C2D /* Debug */ = {
			isa = XCBuildConfiguration;
			buildSettings = {
				ALWAYS_EMBED_SWIFT_STANDARD_LIBRARIES = YES;
				BUNDLE_LOADER = "$(TEST_HOST)";
				CODE_SIGN_STYLE = Automatic;
				CURRENT_PROJECT_VERSION = 1;
				DEVELOPMENT_TEAM = 5J9A9UHCB9;
				GENERATE_INFOPLIST_FILE = YES;
				IPHONEOS_DEPLOYMENT_TARGET = 16.4;
				MARKETING_VERSION = 1.0;
				PRODUCT_BUNDLE_IDENTIFIER = com.victorkostinvl.collectionOfImagesTests;
				PRODUCT_NAME = "$(TARGET_NAME)";
				SWIFT_EMIT_LOC_STRINGS = NO;
				SWIFT_VERSION = 5.0;
				TARGETED_DEVICE_FAMILY = "1,2";
				TEST_HOST = "$(BUILT_PRODUCTS_DIR)/collectionOfImages.app/$(BUNDLE_EXECUTABLE_FOLDER_PATH)/collectionOfImages";
			};
			name = Debug;
		};
		73D555DD2B7BFE8500EE8C2D /* Release */ = {
			isa = XCBuildConfiguration;
			buildSettings = {
				ALWAYS_EMBED_SWIFT_STANDARD_LIBRARIES = YES;
				BUNDLE_LOADER = "$(TEST_HOST)";
				CODE_SIGN_STYLE = Automatic;
				CURRENT_PROJECT_VERSION = 1;
				DEVELOPMENT_TEAM = 5J9A9UHCB9;
				GENERATE_INFOPLIST_FILE = YES;
				IPHONEOS_DEPLOYMENT_TARGET = 16.4;
				MARKETING_VERSION = 1.0;
				PRODUCT_BUNDLE_IDENTIFIER = com.victorkostinvl.collectionOfImagesTests;
				PRODUCT_NAME = "$(TARGET_NAME)";
				SWIFT_EMIT_LOC_STRINGS = NO;
				SWIFT_VERSION = 5.0;
				TARGETED_DEVICE_FAMILY = "1,2";
				TEST_HOST = "$(BUILT_PRODUCTS_DIR)/collectionOfImages.app/$(BUNDLE_EXECUTABLE_FOLDER_PATH)/collectionOfImages";
			};
			name = Release;
		};
		73D555DF2B7BFE8500EE8C2D /* Debug */ = {
			isa = XCBuildConfiguration;
			buildSettings = {
				ALWAYS_EMBED_SWIFT_STANDARD_LIBRARIES = YES;
				CODE_SIGN_STYLE = Automatic;
				CURRENT_PROJECT_VERSION = 1;
				DEVELOPMENT_TEAM = 5J9A9UHCB9;
				GENERATE_INFOPLIST_FILE = YES;
				MARKETING_VERSION = 1.0;
				PRODUCT_BUNDLE_IDENTIFIER = com.victorkostinvl.collectionOfImagesUITests;
				PRODUCT_NAME = "$(TARGET_NAME)";
				SWIFT_EMIT_LOC_STRINGS = NO;
				SWIFT_VERSION = 5.0;
				TARGETED_DEVICE_FAMILY = "1,2";
				TEST_TARGET_NAME = collectionOfImages;
			};
			name = Debug;
		};
		73D555E02B7BFE8500EE8C2D /* Release */ = {
			isa = XCBuildConfiguration;
			buildSettings = {
				ALWAYS_EMBED_SWIFT_STANDARD_LIBRARIES = YES;
				CODE_SIGN_STYLE = Automatic;
				CURRENT_PROJECT_VERSION = 1;
				DEVELOPMENT_TEAM = 5J9A9UHCB9;
				GENERATE_INFOPLIST_FILE = YES;
				MARKETING_VERSION = 1.0;
				PRODUCT_BUNDLE_IDENTIFIER = com.victorkostinvl.collectionOfImagesUITests;
				PRODUCT_NAME = "$(TARGET_NAME)";
				SWIFT_EMIT_LOC_STRINGS = NO;
				SWIFT_VERSION = 5.0;
				TARGETED_DEVICE_FAMILY = "1,2";
				TEST_TARGET_NAME = collectionOfImages;
			};
			name = Release;
		};
/* End XCBuildConfiguration section */

/* Begin XCConfigurationList section */
		73D555A92B7BFE8300EE8C2D /* Build configuration list for PBXProject "collectionOfImages" */ = {
			isa = XCConfigurationList;
			buildConfigurations = (
				73D555D62B7BFE8500EE8C2D /* Debug */,
				73D555D72B7BFE8500EE8C2D /* Release */,
			);
			defaultConfigurationIsVisible = 0;
			defaultConfigurationName = Release;
		};
		73D555D82B7BFE8500EE8C2D /* Build configuration list for PBXNativeTarget "collectionOfImages" */ = {
			isa = XCConfigurationList;
			buildConfigurations = (
				73D555D92B7BFE8500EE8C2D /* Debug */,
				73D555DA2B7BFE8500EE8C2D /* Release */,
			);
			defaultConfigurationIsVisible = 0;
			defaultConfigurationName = Release;
		};
		73D555DB2B7BFE8500EE8C2D /* Build configuration list for PBXNativeTarget "collectionOfImagesTests" */ = {
			isa = XCConfigurationList;
			buildConfigurations = (
				73D555DC2B7BFE8500EE8C2D /* Debug */,
				73D555DD2B7BFE8500EE8C2D /* Release */,
			);
			defaultConfigurationIsVisible = 0;
			defaultConfigurationName = Release;
		};
		73D555DE2B7BFE8500EE8C2D /* Build configuration list for PBXNativeTarget "collectionOfImagesUITests" */ = {
			isa = XCConfigurationList;
			buildConfigurations = (
				73D555DF2B7BFE8500EE8C2D /* Debug */,
				73D555E02B7BFE8500EE8C2D /* Release */,
			);
			defaultConfigurationIsVisible = 0;
			defaultConfigurationName = Release;
		};
/* End XCConfigurationList section */
	};
	rootObject = 73D555A62B7BFE8300EE8C2D /* Project object */;
}
